// !$*UTF8*$!
{
	archiveVersion = 1;
	classes = {
	};
	objectVersion = 50;
	objects = {

/* Begin PBXBuildFile section */
		16A16403235710D80032684C /* QRScannerView.swift in Sources */ = {isa = PBXBuildFile; fileRef = 16A16402235710D80032684C /* QRScannerView.swift */; };
		16A16405235711240032684C /* QRScannerError.swift in Sources */ = {isa = PBXBuildFile; fileRef = 16A16404235711240032684C /* QRScannerError.swift */; };
		16A16407235712360032684C /* Images.xcassets in Resources */ = {isa = PBXBuildFile; fileRef = 16A16406235712360032684C /* Images.xcassets */; };
		16D0D5EE23570BC800A2EC78 /* QRScanner.framework in Frameworks */ = {isa = PBXBuildFile; fileRef = 16D0D5E423570BC800A2EC78 /* QRScanner.framework */; };
		16D0D5F523570BC800A2EC78 /* QRScanner.h in Headers */ = {isa = PBXBuildFile; fileRef = 16D0D5E723570BC800A2EC78 /* QRScanner.h */; settings = {ATTRIBUTES = (Public, ); }; };
		43820BFF256A29DD0046AC78 /* Bundle+Module.swift in Sources */ = {isa = PBXBuildFile; fileRef = 43820BFE256A29DD0046AC78 /* Bundle+Module.swift */; };
		76124403238BCEA70020466C /* QRScannerViewTests.swift in Sources */ = {isa = PBXBuildFile; fileRef = 76124402238BCEA70020466C /* QRScannerViewTests.swift */; };
		76E80674238BB26E0000C667 /* QRScannerSpyDelegate.swift in Sources */ = {isa = PBXBuildFile; fileRef = 76E80673238BB26E0000C667 /* QRScannerSpyDelegate.swift */; };
/* End PBXBuildFile section */

/* Begin PBXContainerItemProxy section */
		16D0D5EF23570BC800A2EC78 /* PBXContainerItemProxy */ = {
			isa = PBXContainerItemProxy;
			containerPortal = 16D0D5DB23570BC800A2EC78 /* Project object */;
			proxyType = 1;
			remoteGlobalIDString = 16D0D5E323570BC800A2EC78;
			remoteInfo = QRScanner;
		};
/* End PBXContainerItemProxy section */

/* Begin PBXFileReference section */
		16A16402235710D80032684C /* QRScannerView.swift */ = {isa = PBXFileReference; lastKnownFileType = sourcecode.swift; path = QRScannerView.swift; sourceTree = "<group>"; };
		16A16404235711240032684C /* QRScannerError.swift */ = {isa = PBXFileReference; lastKnownFileType = sourcecode.swift; path = QRScannerError.swift; sourceTree = "<group>"; };
		16A16406235712360032684C /* Images.xcassets */ = {isa = PBXFileReference; lastKnownFileType = folder.assetcatalog; path = Images.xcassets; sourceTree = "<group>"; };
		16D0D5E423570BC800A2EC78 /* QRScanner.framework */ = {isa = PBXFileReference; explicitFileType = wrapper.framework; includeInIndex = 0; path = QRScanner.framework; sourceTree = BUILT_PRODUCTS_DIR; };
		16D0D5E723570BC800A2EC78 /* QRScanner.h */ = {isa = PBXFileReference; lastKnownFileType = sourcecode.c.h; path = QRScanner.h; sourceTree = "<group>"; };
		16D0D5E823570BC800A2EC78 /* Info.plist */ = {isa = PBXFileReference; lastKnownFileType = text.plist.xml; path = Info.plist; sourceTree = "<group>"; };
		16D0D5ED23570BC800A2EC78 /* QRScannerTests.xctest */ = {isa = PBXFileReference; explicitFileType = wrapper.cfbundle; includeInIndex = 0; path = QRScannerTests.xctest; sourceTree = BUILT_PRODUCTS_DIR; };
		16D0D5F423570BC800A2EC78 /* Info.plist */ = {isa = PBXFileReference; lastKnownFileType = text.plist.xml; path = Info.plist; sourceTree = "<group>"; };
		43820BFE256A29DD0046AC78 /* Bundle+Module.swift */ = {isa = PBXFileReference; fileEncoding = 4; lastKnownFileType = sourcecode.swift; path = "Bundle+Module.swift"; sourceTree = "<group>"; };
		76124402238BCEA70020466C /* QRScannerViewTests.swift */ = {isa = PBXFileReference; fileEncoding = 4; lastKnownFileType = sourcecode.swift; path = QRScannerViewTests.swift; sourceTree = "<group>"; };
		76E80673238BB26E0000C667 /* QRScannerSpyDelegate.swift */ = {isa = PBXFileReference; lastKnownFileType = sourcecode.swift; path = QRScannerSpyDelegate.swift; sourceTree = "<group>"; };
/* End PBXFileReference section */

/* Begin PBXFrameworksBuildPhase section */
		16D0D5E123570BC800A2EC78 /* Frameworks */ = {
			isa = PBXFrameworksBuildPhase;
			buildActionMask = 2147483647;
			files = (
			);
			runOnlyForDeploymentPostprocessing = 0;
		};
		16D0D5EA23570BC800A2EC78 /* Frameworks */ = {
			isa = PBXFrameworksBuildPhase;
			buildActionMask = 2147483647;
			files = (
				16D0D5EE23570BC800A2EC78 /* QRScanner.framework in Frameworks */,
			);
			runOnlyForDeploymentPostprocessing = 0;
		};
/* End PBXFrameworksBuildPhase section */

/* Begin PBXGroup section */
		16D0D5DA23570BC800A2EC78 = {
			isa = PBXGroup;
			children = (
				16D0D5E623570BC800A2EC78 /* QRScanner */,
				16D0D5F123570BC800A2EC78 /* QRScannerTests */,
				16D0D5E523570BC800A2EC78 /* Products */,
			);
			sourceTree = "<group>";
		};
		16D0D5E523570BC800A2EC78 /* Products */ = {
			isa = PBXGroup;
			children = (
				16D0D5E423570BC800A2EC78 /* QRScanner.framework */,
				16D0D5ED23570BC800A2EC78 /* QRScannerTests.xctest */,
			);
			name = Products;
			sourceTree = "<group>";
		};
		16D0D5E623570BC800A2EC78 /* QRScanner */ = {
			isa = PBXGroup;
			children = (
				16D0D5E723570BC800A2EC78 /* QRScanner.h */,
				43820BFE256A29DD0046AC78 /* Bundle+Module.swift */,
				16A16402235710D80032684C /* QRScannerView.swift */,
				16A16404235711240032684C /* QRScannerError.swift */,
				16D0D5E823570BC800A2EC78 /* Info.plist */,
				16A16406235712360032684C /* Images.xcassets */,
			);
			path = QRScanner;
			sourceTree = "<group>";
		};
		16D0D5F123570BC800A2EC78 /* QRScannerTests */ = {
			isa = PBXGroup;
			children = (
				76E80675238BB2730000C667 /* TestCases */,
				76E80672238BB25F0000C667 /* Utils */,
				16D0D5F423570BC800A2EC78 /* Info.plist */,
			);
			path = QRScannerTests;
			sourceTree = "<group>";
		};
		76E80672238BB25F0000C667 /* Utils */ = {
			isa = PBXGroup;
			children = (
				76E80673238BB26E0000C667 /* QRScannerSpyDelegate.swift */,
			);
			path = Utils;
			sourceTree = "<group>";
		};
		76E80675238BB2730000C667 /* TestCases */ = {
			isa = PBXGroup;
			children = (
				76124402238BCEA70020466C /* QRScannerViewTests.swift */,
			);
			path = TestCases;
			sourceTree = "<group>";
		};
/* End PBXGroup section */

/* Begin PBXHeadersBuildPhase section */
		16D0D5DF23570BC800A2EC78 /* Headers */ = {
			isa = PBXHeadersBuildPhase;
			buildActionMask = 2147483647;
			files = (
				16D0D5F523570BC800A2EC78 /* QRScanner.h in Headers */,
			);
			runOnlyForDeploymentPostprocessing = 0;
		};
/* End PBXHeadersBuildPhase section */

/* Begin PBXNativeTarget section */
		16D0D5E323570BC800A2EC78 /* QRScanner */ = {
			isa = PBXNativeTarget;
			buildConfigurationList = 16D0D5F823570BC800A2EC78 /* Build configuration list for PBXNativeTarget "QRScanner" */;
			buildPhases = (
				16D0D5DF23570BC800A2EC78 /* Headers */,
				16D0D5E023570BC800A2EC78 /* Sources */,
				16D0D5E123570BC800A2EC78 /* Frameworks */,
				16D0D5E223570BC800A2EC78 /* Resources */,
			);
			buildRules = (
			);
			dependencies = (
			);
			name = QRScanner;
			productName = QRScanner;
			productReference = 16D0D5E423570BC800A2EC78 /* QRScanner.framework */;
			productType = "com.apple.product-type.framework";
		};
		16D0D5EC23570BC800A2EC78 /* QRScannerTests */ = {
			isa = PBXNativeTarget;
			buildConfigurationList = 16D0D5FB23570BC800A2EC78 /* Build configuration list for PBXNativeTarget "QRScannerTests" */;
			buildPhases = (
				16D0D5E923570BC800A2EC78 /* Sources */,
				16D0D5EA23570BC800A2EC78 /* Frameworks */,
				16D0D5EB23570BC800A2EC78 /* Resources */,
			);
			buildRules = (
			);
			dependencies = (
				16D0D5F023570BC800A2EC78 /* PBXTargetDependency */,
			);
			name = QRScannerTests;
			productName = QRScannerTests;
			productReference = 16D0D5ED23570BC800A2EC78 /* QRScannerTests.xctest */;
			productType = "com.apple.product-type.bundle.unit-test";
		};
/* End PBXNativeTarget section */

/* Begin PBXProject section */
		16D0D5DB23570BC800A2EC78 /* Project object */ = {
			isa = PBXProject;
			attributes = {
				LastSwiftUpdateCheck = 1110;
				LastUpgradeCheck = 1300;
				ORGANIZATIONNAME = mercari.com;
				TargetAttributes = {
					16D0D5E323570BC800A2EC78 = {
						CreatedOnToolsVersion = 11.1;
						LastSwiftMigration = 1030;
					};
					16D0D5EC23570BC800A2EC78 = {
						CreatedOnToolsVersion = 11.1;
					};
				};
			};
			buildConfigurationList = 16D0D5DE23570BC800A2EC78 /* Build configuration list for PBXProject "QRScanner" */;
			compatibilityVersion = "Xcode 9.3";
			developmentRegion = en;
			hasScannedForEncodings = 0;
			knownRegions = (
				en,
				Base,
			);
			mainGroup = 16D0D5DA23570BC800A2EC78;
			productRefGroup = 16D0D5E523570BC800A2EC78 /* Products */;
			projectDirPath = "";
			projectRoot = "";
			targets = (
				16D0D5E323570BC800A2EC78 /* QRScanner */,
				16D0D5EC23570BC800A2EC78 /* QRScannerTests */,
			);
		};
/* End PBXProject section */

/* Begin PBXResourcesBuildPhase section */
		16D0D5E223570BC800A2EC78 /* Resources */ = {
			isa = PBXResourcesBuildPhase;
			buildActionMask = 2147483647;
			files = (
				16A16407235712360032684C /* Images.xcassets in Resources */,
			);
			runOnlyForDeploymentPostprocessing = 0;
		};
		16D0D5EB23570BC800A2EC78 /* Resources */ = {
			isa = PBXResourcesBuildPhase;
			buildActionMask = 2147483647;
			files = (
			);
			runOnlyForDeploymentPostprocessing = 0;
		};
/* End PBXResourcesBuildPhase section */

/* Begin PBXSourcesBuildPhase section */
		16D0D5E023570BC800A2EC78 /* Sources */ = {
			isa = PBXSourcesBuildPhase;
			buildActionMask = 2147483647;
			files = (
				16A16405235711240032684C /* QRScannerError.swift in Sources */,
				16A16403235710D80032684C /* QRScannerView.swift in Sources */,
				43820BFF256A29DD0046AC78 /* Bundle+Module.swift in Sources */,
			);
			runOnlyForDeploymentPostprocessing = 0;
		};
		16D0D5E923570BC800A2EC78 /* Sources */ = {
			isa = PBXSourcesBuildPhase;
			buildActionMask = 2147483647;
			files = (
				76124403238BCEA70020466C /* QRScannerViewTests.swift in Sources */,
				76E80674238BB26E0000C667 /* QRScannerSpyDelegate.swift in Sources */,
			);
			runOnlyForDeploymentPostprocessing = 0;
		};
/* End PBXSourcesBuildPhase section */

/* Begin PBXTargetDependency section */
		16D0D5F023570BC800A2EC78 /* PBXTargetDependency */ = {
			isa = PBXTargetDependency;
			target = 16D0D5E323570BC800A2EC78 /* QRScanner */;
			targetProxy = 16D0D5EF23570BC800A2EC78 /* PBXContainerItemProxy */;
		};
/* End PBXTargetDependency section */

/* Begin XCBuildConfiguration section */
		16D0D5F623570BC800A2EC78 /* Debug */ = {
			isa = XCBuildConfiguration;
			buildSettings = {
				ALWAYS_SEARCH_USER_PATHS = NO;
				CLANG_ANALYZER_NONNULL = YES;
				CLANG_ANALYZER_NUMBER_OBJECT_CONVERSION = YES_AGGRESSIVE;
				CLANG_CXX_LANGUAGE_STANDARD = "gnu++14";
				CLANG_CXX_LIBRARY = "libc++";
				CLANG_ENABLE_MODULES = YES;
				CLANG_ENABLE_OBJC_ARC = YES;
				CLANG_ENABLE_OBJC_WEAK = YES;
				CLANG_WARN_BLOCK_CAPTURE_AUTORELEASING = YES;
				CLANG_WARN_BOOL_CONVERSION = YES;
				CLANG_WARN_COMMA = YES;
				CLANG_WARN_CONSTANT_CONVERSION = YES;
				CLANG_WARN_DEPRECATED_OBJC_IMPLEMENTATIONS = YES;
				CLANG_WARN_DIRECT_OBJC_ISA_USAGE = YES_ERROR;
				CLANG_WARN_DOCUMENTATION_COMMENTS = YES;
				CLANG_WARN_EMPTY_BODY = YES;
				CLANG_WARN_ENUM_CONVERSION = YES;
				CLANG_WARN_INFINITE_RECURSION = YES;
				CLANG_WARN_INT_CONVERSION = YES;
				CLANG_WARN_NON_LITERAL_NULL_CONVERSION = YES;
				CLANG_WARN_OBJC_IMPLICIT_RETAIN_SELF = YES;
				CLANG_WARN_OBJC_LITERAL_CONVERSION = YES;
				CLANG_WARN_OBJC_ROOT_CLASS = YES_ERROR;
				CLANG_WARN_QUOTED_INCLUDE_IN_FRAMEWORK_HEADER = YES;
				CLANG_WARN_RANGE_LOOP_ANALYSIS = YES;
				CLANG_WARN_STRICT_PROTOTYPES = YES;
				CLANG_WARN_SUSPICIOUS_MOVE = YES;
				CLANG_WARN_UNGUARDED_AVAILABILITY = YES_AGGRESSIVE;
				CLANG_WARN_UNREACHABLE_CODE = YES;
				CLANG_WARN__DUPLICATE_METHOD_MATCH = YES;
				COPY_PHASE_STRIP = NO;
				CURRENT_PROJECT_VERSION = 1;
				DEBUG_INFORMATION_FORMAT = dwarf;
				ENABLE_STRICT_OBJC_MSGSEND = YES;
				ENABLE_TESTABILITY = YES;
				GCC_C_LANGUAGE_STANDARD = gnu11;
				GCC_DYNAMIC_NO_PIC = NO;
				GCC_NO_COMMON_BLOCKS = YES;
				GCC_OPTIMIZATION_LEVEL = 0;
				GCC_PREPROCESSOR_DEFINITIONS = (
					"DEBUG=1",
					"$(inherited)",
				);
				GCC_WARN_64_TO_32_BIT_CONVERSION = YES;
				GCC_WARN_ABOUT_RETURN_TYPE = YES_ERROR;
				GCC_WARN_UNDECLARED_SELECTOR = YES;
				GCC_WARN_UNINITIALIZED_AUTOS = YES_AGGRESSIVE;
				GCC_WARN_UNUSED_FUNCTION = YES;
				GCC_WARN_UNUSED_VARIABLE = YES;
				IPHONEOS_DEPLOYMENT_TARGET = 10.0;
				MTL_ENABLE_DEBUG_INFO = INCLUDE_SOURCE;
				MTL_FAST_MATH = YES;
				ONLY_ACTIVE_ARCH = YES;
				SDKROOT = iphoneos;
				SWIFT_ACTIVE_COMPILATION_CONDITIONS = DEBUG;
				SWIFT_OPTIMIZATION_LEVEL = "-Onone";
				VERSIONING_SYSTEM = "apple-generic";
				VERSION_INFO_PREFIX = "";
			};
			name = Debug;
		};
		16D0D5F723570BC800A2EC78 /* Release */ = {
			isa = XCBuildConfiguration;
			buildSettings = {
				ALWAYS_SEARCH_USER_PATHS = NO;
				CLANG_ANALYZER_NONNULL = YES;
				CLANG_ANALYZER_NUMBER_OBJECT_CONVERSION = YES_AGGRESSIVE;
				CLANG_CXX_LANGUAGE_STANDARD = "gnu++14";
				CLANG_CXX_LIBRARY = "libc++";
				CLANG_ENABLE_MODULES = YES;
				CLANG_ENABLE_OBJC_ARC = YES;
				CLANG_ENABLE_OBJC_WEAK = YES;
				CLANG_WARN_BLOCK_CAPTURE_AUTORELEASING = YES;
				CLANG_WARN_BOOL_CONVERSION = YES;
				CLANG_WARN_COMMA = YES;
				CLANG_WARN_CONSTANT_CONVERSION = YES;
				CLANG_WARN_DEPRECATED_OBJC_IMPLEMENTATIONS = YES;
				CLANG_WARN_DIRECT_OBJC_ISA_USAGE = YES_ERROR;
				CLANG_WARN_DOCUMENTATION_COMMENTS = YES;
				CLANG_WARN_EMPTY_BODY = YES;
				CLANG_WARN_ENUM_CONVERSION = YES;
				CLANG_WARN_INFINITE_RECURSION = YES;
				CLANG_WARN_INT_CONVERSION = YES;
				CLANG_WARN_NON_LITERAL_NULL_CONVERSION = YES;
				CLANG_WARN_OBJC_IMPLICIT_RETAIN_SELF = YES;
				CLANG_WARN_OBJC_LITERAL_CONVERSION = YES;
				CLANG_WARN_OBJC_ROOT_CLASS = YES_ERROR;
				CLANG_WARN_QUOTED_INCLUDE_IN_FRAMEWORK_HEADER = YES;
				CLANG_WARN_RANGE_LOOP_ANALYSIS = YES;
				CLANG_WARN_STRICT_PROTOTYPES = YES;
				CLANG_WARN_SUSPICIOUS_MOVE = YES;
				CLANG_WARN_UNGUARDED_AVAILABILITY = YES_AGGRESSIVE;
				CLANG_WARN_UNREACHABLE_CODE = YES;
				CLANG_WARN__DUPLICATE_METHOD_MATCH = YES;
				COPY_PHASE_STRIP = NO;
				CURRENT_PROJECT_VERSION = 1;
				DEBUG_INFORMATION_FORMAT = "dwarf-with-dsym";
				ENABLE_NS_ASSERTIONS = NO;
				ENABLE_STRICT_OBJC_MSGSEND = YES;
				GCC_C_LANGUAGE_STANDARD = gnu11;
				GCC_NO_COMMON_BLOCKS = YES;
				GCC_WARN_64_TO_32_BIT_CONVERSION = YES;
				GCC_WARN_ABOUT_RETURN_TYPE = YES_ERROR;
				GCC_WARN_UNDECLARED_SELECTOR = YES;
				GCC_WARN_UNINITIALIZED_AUTOS = YES_AGGRESSIVE;
				GCC_WARN_UNUSED_FUNCTION = YES;
				GCC_WARN_UNUSED_VARIABLE = YES;
				IPHONEOS_DEPLOYMENT_TARGET = 10.0;
				MTL_ENABLE_DEBUG_INFO = NO;
				MTL_FAST_MATH = YES;
				SDKROOT = iphoneos;
				SWIFT_COMPILATION_MODE = wholemodule;
				SWIFT_OPTIMIZATION_LEVEL = "-O";
				VALIDATE_PRODUCT = YES;
				VERSIONING_SYSTEM = "apple-generic";
				VERSION_INFO_PREFIX = "";
			};
			name = Release;
		};
		16D0D5F923570BC800A2EC78 /* Debug */ = {
			isa = XCBuildConfiguration;
			buildSettings = {
				CLANG_ENABLE_MODULES = YES;
				CODE_SIGN_IDENTITY = "";
				CODE_SIGN_STYLE = Automatic;
				DEFINES_MODULE = YES;
				DEVELOPMENT_TEAM = "";
				DYLIB_COMPATIBILITY_VERSION = 1;
				DYLIB_CURRENT_VERSION = 1;
				DYLIB_INSTALL_NAME_BASE = "@rpath";
				INFOPLIST_FILE = QRScanner/Info.plist;
				INSTALL_PATH = "$(LOCAL_LIBRARY_DIR)/Frameworks";
				LD_RUNPATH_SEARCH_PATHS = (
					"$(inherited)",
					"@executable_path/Frameworks",
					"@loader_path/Frameworks",
				);
				PRODUCT_BUNDLE_IDENTIFIER = com.mercari.QRScanner;
				PRODUCT_NAME = "$(TARGET_NAME:c99extidentifier)";
				SKIP_INSTALL = YES;
				SWIFT_OPTIMIZATION_LEVEL = "-Onone";
				SWIFT_VERSION = 5.0;
				TARGETED_DEVICE_FAMILY = "1,2";
			};
			name = Debug;
		};
		16D0D5FA23570BC800A2EC78 /* Release */ = {
			isa = XCBuildConfiguration;
			buildSettings = {
				CLANG_ENABLE_MODULES = YES;
				CODE_SIGN_STYLE = Automatic;
				DEFINES_MODULE = YES;
				DEVELOPMENT_TEAM = "";
				DYLIB_COMPATIBILITY_VERSION = 1;
				DYLIB_CURRENT_VERSION = 1;
				DYLIB_INSTALL_NAME_BASE = "@rpath";
				INFOPLIST_FILE = QRScanner/Info.plist;
				INSTALL_PATH = "$(LOCAL_LIBRARY_DIR)/Frameworks";
				LD_RUNPATH_SEARCH_PATHS = (
					"$(inherited)",
					"@executable_path/Frameworks",
					"@loader_path/Frameworks",
				);
				PRODUCT_BUNDLE_IDENTIFIER = com.mercari.QRScanner;
				PRODUCT_NAME = "$(TARGET_NAME:c99extidentifier)";
				SKIP_INSTALL = YES;
				SWIFT_VERSION = 5.0;
				TARGETED_DEVICE_FAMILY = "1,2";
			};
			name = Release;
		};
		16D0D5FC23570BC800A2EC78 /* Debug */ = {
			isa = XCBuildConfiguration;
			buildSettings = {
				ALWAYS_EMBED_SWIFT_STANDARD_LIBRARIES = YES;
				CODE_SIGN_STYLE = Automatic;
				INFOPLIST_FILE = QRScannerTests/Info.plist;
				LD_RUNPATH_SEARCH_PATHS = (
					"$(inherited)",
					"@executable_path/Frameworks",
					"@loader_path/Frameworks",
				);
				PRODUCT_BUNDLE_IDENTIFIER = com.mercari.QRScannerTests;
				PRODUCT_NAME = "$(TARGET_NAME)";
				SWIFT_VERSION = 5.0;
				TARGETED_DEVICE_FAMILY = "1,2";
			};
			name = Debug;
		};
		16D0D5FD23570BC800A2EC78 /* Release */ = {
			isa = XCBuildConfiguration;
			buildSettings = {
				ALWAYS_EMBED_SWIFT_STANDARD_LIBRARIES = YES;
				CODE_SIGN_STYLE = Automatic;
				INFOPLIST_FILE = QRScannerTests/Info.plist;
				LD_RUNPATH_SEARCH_PATHS = (
					"$(inherited)",
					"@executable_path/Frameworks",
					"@loader_path/Frameworks",
				);
				PRODUCT_BUNDLE_IDENTIFIER = com.mercari.QRScannerTests;
				PRODUCT_NAME = "$(TARGET_NAME)";
				SWIFT_VERSION = 5.0;
				TARGETED_DEVICE_FAMILY = "1,2";
			};
			name = Release;
		};
/* End XCBuildConfiguration section */

/* Begin XCConfigurationList section */
		16D0D5DE23570BC800A2EC78 /* Build configuration list for PBXProject "QRScanner" */ = {
			isa = XCConfigurationList;
			buildConfigurations = (
				16D0D5F623570BC800A2EC78 /* Debug */,
				16D0D5F723570BC800A2EC78 /* Release */,
			);
			defaultConfigurationIsVisible = 0;
			defaultConfigurationName = Release;
		};
		16D0D5F823570BC800A2EC78 /* Build configuration list for PBXNativeTarget "QRScanner" */ = {
			isa = XCConfigurationList;
			buildConfigurations = (
				16D0D5F923570BC800A2EC78 /* Debug */,
				16D0D5FA23570BC800A2EC78 /* Release */,
			);
			defaultConfigurationIsVisible = 0;
			defaultConfigurationName = Release;
		};
		16D0D5FB23570BC800A2EC78 /* Build configuration list for PBXNativeTarget "QRScannerTests" */ = {
			isa = XCConfigurationList;
			buildConfigurations = (
				16D0D5FC23570BC800A2EC78 /* Debug */,
				16D0D5FD23570BC800A2EC78 /* Release */,
			);
			defaultConfigurationIsVisible = 0;
			defaultConfigurationName = Release;
		};
/* End XCConfigurationList section */
	};
	rootObject = 16D0D5DB23570BC800A2EC78 /* Project object */;
}
