// !$*UTF8*$!
{
	archiveVersion = 1;
	classes = {
	};
	objectVersion = 50;
	objects = {

/* Begin PBXBuildFile section */
		160390EB2474E4FF008FE728 /* Main.storyboard in Resources */ = {isa = PBXBuildFile; fileRef = 160390EA2474E4FF008FE728 /* Main.storyboard */; };
		160390ED2474E52F008FE728 /* MainViewController.swift in Sources */ = {isa = PBXBuildFile; fileRef = 160390EC2474E52F008FE728 /* MainViewController.swift */; };
		16A163ED235710040032684C /* AppDelegate.swift in Sources */ = {isa = PBXBuildFile; fileRef = 16A163EC235710040032684C /* AppDelegate.swift */; };
		16A163EF235710040032684C /* QRViewController.swift in Sources */ = {isa = PBXBuildFile; fileRef = 16A163EE235710040032684C /* QRViewController.swift */; };
		16A163F2235710040032684C /* QRViewController.storyboard in Resources */ = {isa = PBXBuildFile; fileRef = 16A163F0235710040032684C /* QRViewController.storyboard */; };
		16A163F4235710050032684C /* Assets.xcassets in Resources */ = {isa = PBXBuildFile; fileRef = 16A163F3235710050032684C /* Assets.xcassets */; };
		16A163F7235710050032684C /* LaunchScreen.storyboard in Resources */ = {isa = PBXBuildFile; fileRef = 16A163F5235710050032684C /* LaunchScreen.storyboard */; };
		16A163FF235710580032684C /* QRScanner.framework in Frameworks */ = {isa = PBXBuildFile; fileRef = 16A163FE235710580032684C /* QRScanner.framework */; };
		16A16400235710580032684C /* QRScanner.framework in Embed Frameworks */ = {isa = PBXBuildFile; fileRef = 16A163FE235710580032684C /* QRScanner.framework */; settings = {ATTRIBUTES = (CodeSignOnCopy, RemoveHeadersOnCopy, ); }; };
		76598FBF237586CC0099593E /* FlashButton.swift in Sources */ = {isa = PBXBuildFile; fileRef = 76598FBE237586CC0099593E /* FlashButton.swift */; };
/* End PBXBuildFile section */

/* Begin PBXCopyFilesBuildPhase section */
		16A16401235710580032684C /* Embed Frameworks */ = {
			isa = PBXCopyFilesBuildPhase;
			buildActionMask = 2147483647;
			dstPath = "";
			dstSubfolderSpec = 10;
			files = (
				16A16400235710580032684C /* QRScanner.framework in Embed Frameworks */,
			);
			name = "Embed Frameworks";
			runOnlyForDeploymentPostprocessing = 0;
		};
/* End PBXCopyFilesBuildPhase section */

/* Begin PBXFileReference section */
		160390EA2474E4FF008FE728 /* Main.storyboard */ = {isa = PBXFileReference; lastKnownFileType = file.storyboard; path = Main.storyboard; sourceTree = "<group>"; };
		160390EC2474E52F008FE728 /* MainViewController.swift */ = {isa = PBXFileReference; lastKnownFileType = sourcecode.swift; path = MainViewController.swift; sourceTree = "<group>"; };
		16A163E9235710040032684C /* QRScannerSample.app */ = {isa = PBXFileReference; explicitFileType = wrapper.application; includeInIndex = 0; path = QRScannerSample.app; sourceTree = BUILT_PRODUCTS_DIR; };
		16A163EC235710040032684C /* AppDelegate.swift */ = {isa = PBXFileReference; lastKnownFileType = sourcecode.swift; path = AppDelegate.swift; sourceTree = "<group>"; };
		16A163EE235710040032684C /* QRViewController.swift */ = {isa = PBXFileReference; lastKnownFileType = sourcecode.swift; path = QRViewController.swift; sourceTree = "<group>"; };
		16A163F1235710040032684C /* Base */ = {isa = PBXFileReference; lastKnownFileType = file.storyboard; name = Base; path = Base.lproj/QRViewController.storyboard; sourceTree = "<group>"; };
		16A163F3235710050032684C /* Assets.xcassets */ = {isa = PBXFileReference; lastKnownFileType = folder.assetcatalog; path = Assets.xcassets; sourceTree = "<group>"; };
		16A163F6235710050032684C /* Base */ = {isa = PBXFileReference; lastKnownFileType = file.storyboard; name = Base; path = Base.lproj/LaunchScreen.storyboard; sourceTree = "<group>"; };
		16A163F8235710050032684C /* Info.plist */ = {isa = PBXFileReference; lastKnownFileType = text.plist.xml; path = Info.plist; sourceTree = "<group>"; };
		16A163FE235710580032684C /* QRScanner.framework */ = {isa = PBXFileReference; explicitFileType = wrapper.framework; path = QRScanner.framework; sourceTree = BUILT_PRODUCTS_DIR; };
		76598FBE237586CC0099593E /* FlashButton.swift */ = {isa = PBXFileReference; lastKnownFileType = sourcecode.swift; path = FlashButton.swift; sourceTree = "<group>"; };
/* End PBXFileReference section */

/* Begin PBXFrameworksBuildPhase section */
		16A163E6235710040032684C /* Frameworks */ = {
			isa = PBXFrameworksBuildPhase;
			buildActionMask = 2147483647;
			files = (
				16A163FF235710580032684C /* QRScanner.framework in Frameworks */,
			);
			runOnlyForDeploymentPostprocessing = 0;
		};
/* End PBXFrameworksBuildPhase section */

/* Begin PBXGroup section */
		16A163E0235710040032684C = {
			isa = PBXGroup;
			children = (
				16A163FE235710580032684C /* QRScanner.framework */,
				16A163EB235710040032684C /* QRScannerSample */,
				16A163EA235710040032684C /* Products */,
			);
			sourceTree = "<group>";
		};
		16A163EA235710040032684C /* Products */ = {
			isa = PBXGroup;
			children = (
				16A163E9235710040032684C /* QRScannerSample.app */,
			);
			name = Products;
			sourceTree = "<group>";
		};
		16A163EB235710040032684C /* QRScannerSample */ = {
			isa = PBXGroup;
			children = (
				16A163EC235710040032684C /* AppDelegate.swift */,
				16A163EE235710040032684C /* QRViewController.swift */,
				76598FBE237586CC0099593E /* FlashButton.swift */,
				16A163F0235710040032684C /* QRViewController.storyboard */,
				16A163F3235710050032684C /* Assets.xcassets */,
				16A163F5235710050032684C /* LaunchScreen.storyboard */,
				16A163F8235710050032684C /* Info.plist */,
				160390EA2474E4FF008FE728 /* Main.storyboard */,
				160390EC2474E52F008FE728 /* MainViewController.swift */,
			);
			path = QRScannerSample;
			sourceTree = "<group>";
		};
/* End PBXGroup section */

/* Begin PBXNativeTarget section */
		16A163E8235710040032684C /* QRScannerSample */ = {
			isa = PBXNativeTarget;
			buildConfigurationList = 16A163FB235710050032684C /* Build configuration list for PBXNativeTarget "QRScannerSample" */;
			buildPhases = (
				16A163E5235710040032684C /* Sources */,
				16A163E6235710040032684C /* Frameworks */,
				16A163E7235710040032684C /* Resources */,
				16A16401235710580032684C /* Embed Frameworks */,
			);
			buildRules = (
			);
			dependencies = (
			);
			name = QRScannerSample;
			productName = QRScannerSample;
			productReference = 16A163E9235710040032684C /* QRScannerSample.app */;
			productType = "com.apple.product-type.application";
		};
/* End PBXNativeTarget section */

/* Begin PBXProject section */
		16A163E1235710040032684C /* Project object */ = {
			isa = PBXProject;
			attributes = {
				LastSwiftUpdateCheck = 1030;
				LastUpgradeCheck = 1030;
				ORGANIZATIONNAME = mercari.com;
				TargetAttributes = {
					16A163E8235710040032684C = {
						CreatedOnToolsVersion = 10.3;
					};
				};
			};
			buildConfigurationList = 16A163E4235710040032684C /* Build configuration list for PBXProject "QRScannerSample" */;
			compatibilityVersion = "Xcode 9.3";
			developmentRegion = en;
			hasScannedForEncodings = 0;
			knownRegions = (
				en,
				Base,
			);
			mainGroup = 16A163E0235710040032684C;
			productRefGroup = 16A163EA235710040032684C /* Products */;
			projectDirPath = "";
			projectRoot = "";
			targets = (
				16A163E8235710040032684C /* QRScannerSample */,
			);
		};
/* End PBXProject section */

/* Begin PBXResourcesBuildPhase section */
		16A163E7235710040032684C /* Resources */ = {
			isa = PBXResourcesBuildPhase;
			buildActionMask = 2147483647;
			files = (
				16A163F7235710050032684C /* LaunchScreen.storyboard in Resources */,
				16A163F4235710050032684C /* Assets.xcassets in Resources */,
				16A163F2235710040032684C /* QRViewController.storyboard in Resources */,
				160390EB2474E4FF008FE728 /* Main.storyboard in Resources */,
			);
			runOnlyForDeploymentPostprocessing = 0;
		};
/* End PBXResourcesBuildPhase section */

/* Begin PBXSourcesBuildPhase section */
		16A163E5235710040032684C /* Sources */ = {
			isa = PBXSourcesBuildPhase;
			buildActionMask = 2147483647;
			files = (
				16A163EF235710040032684C /* QRViewController.swift in Sources */,
				16A163ED235710040032684C /* AppDelegate.swift in Sources */,
				76598FBF237586CC0099593E /* FlashButton.swift in Sources */,
				160390ED2474E52F008FE728 /* MainViewController.swift in Sources */,
			);
			runOnlyForDeploymentPostprocessing = 0;
		};
/* End PBXSourcesBuildPhase section */

/* Begin PBXVariantGroup section */
		16A163F0235710040032684C /* QRViewController.storyboard */ = {
			isa = PBXVariantGroup;
			children = (
				16A163F1235710040032684C /* Base */,
			);
			name = QRViewController.storyboard;
			sourceTree = "<group>";
		};
		16A163F5235710050032684C /* LaunchScreen.storyboard */ = {
			isa = PBXVariantGroup;
			children = (
				16A163F6235710050032684C /* Base */,
			);
			name = LaunchScreen.storyboard;
			sourceTree = "<group>";
		};
/* End PBXVariantGroup section */

/* Begin XCBuildConfiguration section */
		16A163F9235710050032684C /* Debug */ = {
			isa = XCBuildConfiguration;
			buildSettings = {
				ALWAYS_SEARCH_USER_PATHS = NO;
				CLANG_ANALYZER_NONNULL = YES;
				CLANG_ANALYZER_NUMBER_OBJECT_CONVERSION = YES_AGGRESSIVE;
				CLANG_CXX_LANGUAGE_STANDARD = "gnu++14";
				CLANG_CXX_LIBRARY = "libc++";
				CLANG_ENABLE_MODULES = YES;
				CLANG_ENABLE_OBJC_ARC = YES;
				CLANG_ENABLE_OBJC_WEAK = YES;
				CLANG_WARN_BLOCK_CAPTURE_AUTORELEASING = YES;
				CLANG_WARN_BOOL_CONVERSION = YES;
				CLANG_WARN_COMMA = YES;
				CLANG_WARN_CONSTANT_CONVERSION = YES;
				CLANG_WARN_DEPRECATED_OBJC_IMPLEMENTATIONS = YES;
				CLANG_WARN_DIRECT_OBJC_ISA_USAGE = YES_ERROR;
				CLANG_WARN_DOCUMENTATION_COMMENTS = YES;
				CLANG_WARN_EMPTY_BODY = YES;
				CLANG_WARN_ENUM_CONVERSION = YES;
				CLANG_WARN_INFINITE_RECURSION = YES;
				CLANG_WARN_INT_CONVERSION = YES;
				CLANG_WARN_NON_LITERAL_NULL_CONVERSION = YES;
				CLANG_WARN_OBJC_IMPLICIT_RETAIN_SELF = YES;
				CLANG_WARN_OBJC_LITERAL_CONVERSION = YES;
				CLANG_WARN_OBJC_ROOT_CLASS = YES_ERROR;
				CLANG_WARN_RANGE_LOOP_ANALYSIS = YES;
				CLANG_WARN_STRICT_PROTOTYPES = YES;
				CLANG_WARN_SUSPICIOUS_MOVE = YES;
				CLANG_WARN_UNGUARDED_AVAILABILITY = YES_AGGRESSIVE;
				CLANG_WARN_UNREACHABLE_CODE = YES;
				CLANG_WARN__DUPLICATE_METHOD_MATCH = YES;
				CODE_SIGN_IDENTITY = "iPhone Developer";
				COPY_PHASE_STRIP = NO;
				DEBUG_INFORMATION_FORMAT = dwarf;
				ENABLE_STRICT_OBJC_MSGSEND = YES;
				ENABLE_TESTABILITY = YES;
				GCC_C_LANGUAGE_STANDARD = gnu11;
				GCC_DYNAMIC_NO_PIC = NO;
				GCC_NO_COMMON_BLOCKS = YES;
				GCC_OPTIMIZATION_LEVEL = 0;
				GCC_PREPROCESSOR_DEFINITIONS = (
					"DEBUG=1",
					"$(inherited)",
				);
				GCC_WARN_64_TO_32_BIT_CONVERSION = YES;
				GCC_WARN_ABOUT_RETURN_TYPE = YES_ERROR;
				GCC_WARN_UNDECLARED_SELECTOR = YES;
				GCC_WARN_UNINITIALIZED_AUTOS = YES_AGGRESSIVE;
				GCC_WARN_UNUSED_FUNCTION = YES;
				GCC_WARN_UNUSED_VARIABLE = YES;
				IPHONEOS_DEPLOYMENT_TARGET = 10.0;
				MTL_ENABLE_DEBUG_INFO = INCLUDE_SOURCE;
				MTL_FAST_MATH = YES;
				ONLY_ACTIVE_ARCH = YES;
				SDKROOT = iphoneos;
				SWIFT_ACTIVE_COMPILATION_CONDITIONS = DEBUG;
				SWIFT_OPTIMIZATION_LEVEL = "-Onone";
			};
			name = Debug;
		};
		16A163FA235710050032684C /* Release */ = {
			isa = XCBuildConfiguration;
			buildSettings = {
				ALWAYS_SEARCH_USER_PATHS = NO;
				CLANG_ANALYZER_NONNULL = YES;
				CLANG_ANALYZER_NUMBER_OBJECT_CONVERSION = YES_AGGRESSIVE;
				CLANG_CXX_LANGUAGE_STANDARD = "gnu++14";
				CLANG_CXX_LIBRARY = "libc++";
				CLANG_ENABLE_MODULES = YES;
				CLANG_ENABLE_OBJC_ARC = YES;
				CLANG_ENABLE_OBJC_WEAK = YES;
				CLANG_WARN_BLOCK_CAPTURE_AUTORELEASING = YES;
				CLANG_WARN_BOOL_CONVERSION = YES;
				CLANG_WARN_COMMA = YES;
				CLANG_WARN_CONSTANT_CONVERSION = YES;
				CLANG_WARN_DEPRECATED_OBJC_IMPLEMENTATIONS = YES;
				CLANG_WARN_DIRECT_OBJC_ISA_USAGE = YES_ERROR;
				CLANG_WARN_DOCUMENTATION_COMMENTS = YES;
				CLANG_WARN_EMPTY_BODY = YES;
				CLANG_WARN_ENUM_CONVERSION = YES;
				CLANG_WARN_INFINITE_RECURSION = YES;
				CLANG_WARN_INT_CONVERSION = YES;
				CLANG_WARN_NON_LITERAL_NULL_CONVERSION = YES;
				CLANG_WARN_OBJC_IMPLICIT_RETAIN_SELF = YES;
				CLANG_WARN_OBJC_LITERAL_CONVERSION = YES;
				CLANG_WARN_OBJC_ROOT_CLASS = YES_ERROR;
				CLANG_WARN_RANGE_LOOP_ANALYSIS = YES;
				CLANG_WARN_STRICT_PROTOTYPES = YES;
				CLANG_WARN_SUSPICIOUS_MOVE = YES;
				CLANG_WARN_UNGUARDED_AVAILABILITY = YES_AGGRESSIVE;
				CLANG_WARN_UNREACHABLE_CODE = YES;
				CLANG_WARN__DUPLICATE_METHOD_MATCH = YES;
				CODE_SIGN_IDENTITY = "iPhone Developer";
				COPY_PHASE_STRIP = NO;
				DEBUG_INFORMATION_FORMAT = "dwarf-with-dsym";
				ENABLE_NS_ASSERTIONS = NO;
				ENABLE_STRICT_OBJC_MSGSEND = YES;
				GCC_C_LANGUAGE_STANDARD = gnu11;
				GCC_NO_COMMON_BLOCKS = YES;
				GCC_WARN_64_TO_32_BIT_CONVERSION = YES;
				GCC_WARN_ABOUT_RETURN_TYPE = YES_ERROR;
				GCC_WARN_UNDECLARED_SELECTOR = YES;
				GCC_WARN_UNINITIALIZED_AUTOS = YES_AGGRESSIVE;
				GCC_WARN_UNUSED_FUNCTION = YES;
				GCC_WARN_UNUSED_VARIABLE = YES;
				IPHONEOS_DEPLOYMENT_TARGET = 10.0;
				MTL_ENABLE_DEBUG_INFO = NO;
				MTL_FAST_MATH = YES;
				SDKROOT = iphoneos;
				SWIFT_COMPILATION_MODE = wholemodule;
				SWIFT_OPTIMIZATION_LEVEL = "-O";
				VALIDATE_PRODUCT = YES;
			};
			name = Release;
		};
		16A163FC235710050032684C /* Debug */ = {
			isa = XCBuildConfiguration;
			buildSettings = {
				ASSETCATALOG_COMPILER_APPICON_NAME = AppIcon;
				CODE_SIGN_STYLE = Automatic;
				DEVELOPMENT_TEAM = K69VE4UMZN;
				INFOPLIST_FILE = QRScannerSample/Info.plist;
				LD_RUNPATH_SEARCH_PATHS = (
					"$(inherited)",
					"@executable_path/Frameworks",
				);
				PRODUCT_BUNDLE_IDENTIFIER = com.mercari.QRScannerSample;
				PRODUCT_NAME = "$(TARGET_NAME)";
				SWIFT_VERSION = 5.0;
				TARGETED_DEVICE_FAMILY = "1,2";
			};
			name = Debug;
		};
		16A163FD235710050032684C /* Release */ = {
			isa = XCBuildConfiguration;
			buildSettings = {
				ASSETCATALOG_COMPILER_APPICON_NAME = AppIcon;
				CODE_SIGN_STYLE = Automatic;
				DEVELOPMENT_TEAM = K69VE4UMZN;
				INFOPLIST_FILE = QRScannerSample/Info.plist;
				LD_RUNPATH_SEARCH_PATHS = (
					"$(inherited)",
					"@executable_path/Frameworks",
				);
				PRODUCT_BUNDLE_IDENTIFIER = com.mercari.QRScannerSample;
				PRODUCT_NAME = "$(TARGET_NAME)";
				SWIFT_VERSION = 5.0;
				TARGETED_DEVICE_FAMILY = "1,2";
			};
			name = Release;
		};
/* End XCBuildConfiguration section */

/* Begin XCConfigurationList section */
		16A163E4235710040032684C /* Build configuration list for PBXProject "QRScannerSample" */ = {
			isa = XCConfigurationList;
			buildConfigurations = (
				16A163F9235710050032684C /* Debug */,
				16A163FA235710050032684C /* Release */,
			);
			defaultConfigurationIsVisible = 0;
			defaultConfigurationName = Release;
		};
		16A163FB235710050032684C /* Build configuration list for PBXNativeTarget "QRScannerSample" */ = {
			isa = XCConfigurationList;
			buildConfigurations = (
				16A163FC235710050032684C /* Debug */,
				16A163FD235710050032684C /* Release */,
			);
			defaultConfigurationIsVisible = 0;
			defaultConfigurationName = Release;
		};
/* End XCConfigurationList section */
	};
	rootObject = 16A163E1235710040032684C /* Project object */;
}
